
Microsoft Visual Studio Solution File, Format Version 12.00
# Visual Studio 15
VisualStudioVersion = 15.0.26730.16
MinimumVisualStudioVersion = 10.0.40219.1
Project("{9A19103F-16F7-4668-BE54-9A1E7A4F7556}") = "VaderSharp", "VaderSharp\VaderSharp.csproj", "{8216CD49-1D2E-4F93-A69E-6BF4006247B6}"
EndProject
Project("{9A19103F-16F7-4668-BE54-9A1E7A4F7556}") = "VaderSharpTestCore", "VaderSharpTestCore\VaderSharpTestCore.csproj", "{4F46C368-5EEE-4D24-80FE-BDB555F7C01E}"
EndProject
Project("{FAE04EC0-301F-11D3-BF4B-00C04F79EFBC}") = "Demo", "Demo\Demo.csproj", "{486C5123-B10C-4B99-9DE1-6072C32EE5A7}"
EndProject
Global
	GlobalSection(SolutionConfigurationPlatforms) = preSolution
		Debug|Any CPU = Debug|Any CPU
		Release|Any CPU = Release|Any CPU
	EndGlobalSection
	GlobalSection(ProjectConfigurationPlatforms) = postSolution
		{8216CD49-1D2E-4F93-A69E-6BF4006247B6}.Debug|Any CPU.ActiveCfg = Debug|Any CPU
		{8216CD49-1D2E-4F93-A69E-6BF4006247B6}.Debug|Any CPU.Build.0 = Debug|Any CPU
		{8216CD49-1D2E-4F93-A69E-6BF4006247B6}.Release|Any CPU.ActiveCfg = Release|Any CPU
		{8216CD49-1D2E-4F93-A69E-6BF4006247B6}.Release|Any CPU.Build.0 = Release|Any CPU
		{4F46C368-5EEE-4D24-80FE-BDB555F7C01E}.Debug|Any CPU.ActiveCfg = Debug|Any CPU
		{4F46C368-5EEE-4D24-80FE-BDB555F7C01E}.Debug|Any CPU.Build.0 = Debug|Any CPU
		{4F46C368-5EEE-4D24-80FE-BDB555F7C01E}.Release|Any CPU.ActiveCfg = Release|Any CPU
		{4F46C368-5EEE-4D24-80FE-BDB555F7C01E}.Release|Any CPU.Build.0 = Release|Any CPU
		{486C5123-B10C-4B99-9DE1-6072C32EE5A7}.Debug|Any CPU.ActiveCfg = Debug|Any CPU
		{486C5123-B10C-4B99-9DE1-6072C32EE5A7}.Debug|Any CPU.Build.0 = Debug|Any CPU
		{486C5123-B10C-4B99-9DE1-6072C32EE5A7}.Release|Any CPU.ActiveCfg = Release|Any CPU
		{486C5123-B10C-4B99-9DE1-6072C32EE5A7}.Release|Any CPU.Build.0 = Release|Any CPU
	EndGlobalSection
	GlobalSection(SolutionProperties) = preSolution
		HideSolutionNode = FALSE
	EndGlobalSection
	GlobalSection(ExtensibilityGlobals) = postSolution
		SolutionGuid = {AA2A5E6B-63F8-43F3-8BEA-7746E885E3AC}
	EndGlobalSection
EndGlobal
